
Microsoft Visual Studio Solution File, Format Version 12.00
# Visual Studio Version 17
VisualStudioVersion = 17.2.32616.157
MinimumVisualStudioVersion = 10.0.40219.1
Project("{FAE04EC0-301F-11D3-BF4B-00C04F79EFBC}") = "Hello_World", "Hello_World\Hello_World.csproj", "{CC5F2E1B-8BBE-4304-B56E-12425AE88D2F}"
EndProject
Global
	GlobalSection(SolutionConfigurationPlatforms) = preSolution
		Debug|Any CPU = Debug|Any CPU
		Release|Any CPU = Release|Any CPU
	EndGlobalSection
	GlobalSection(ProjectConfigurationPlatforms) = postSolution
		{CC5F2E1B-8BBE-4304-B56E-12425AE88D2F}.Debug|Any CPU.ActiveCfg = Debug|Any CPU
		{CC5F2E1B-8BBE-4304-B56E-12425AE88D2F}.Debug|Any CPU.Build.0 = Debug|Any CPU
		{CC5F2E1B-8BBE-4304-B56E-12425AE88D2F}.Release|Any CPU.ActiveCfg = Release|Any CPU
		{CC5F2E1B-8BBE-4304-B56E-12425AE88D2F}.Release|Any CPU.Build.0 = Release|Any CPU
	EndGlobalSection
	GlobalSection(SolutionProperties) = preSolution
		HideSolutionNode = FALSE
	EndGlobalSection
	GlobalSection(ExtensibilityGlobals) = postSolution
		SolutionGuid = {D90A587C-D399-44AB-9593-3713A22B6EBF}
	EndGlobalSection
EndGlobal
