
Microsoft Visual Studio Solution File, Format Version 12.00
# Visual Studio Version 17
VisualStudioVersion = 17.2.32616.157
MinimumVisualStudioVersion = 10.0.40219.1
Project("{FAE04EC0-301F-11D3-BF4B-00C04F79EFBC}") = "ConsoleApp1", "\coll-fs3\NEW202208754$\Visual Studio 2022 programs\ConsoleApp1\ConsoleApp1\ConsoleApp1.csproj", "{FAE21F15-AE35-411B-B416-C949B8B0ED12}"
EndProject
Global
	GlobalSection(SolutionConfigurationPlatforms) = preSolution
		Debug|Any CPU = Debug|Any CPU
		Release|Any CPU = Release|Any CPU
	EndGlobalSection
	GlobalSection(ProjectConfigurationPlatforms) = postSolution
		{FAE21F15-AE35-411B-B416-C949B8B0ED12}.Debug|Any CPU.ActiveCfg = Debug|Any CPU
		{FAE21F15-AE35-411B-B416-C949B8B0ED12}.Debug|Any CPU.Build.0 = Debug|Any CPU
		{FAE21F15-AE35-411B-B416-C949B8B0ED12}.Release|Any CPU.ActiveCfg = Release|Any CPU
		{FAE21F15-AE35-411B-B416-C949B8B0ED12}.Release|Any CPU.Build.0 = Release|Any CPU
	EndGlobalSection
	GlobalSection(SolutionProperties) = preSolution
		HideSolutionNode = FALSE
	EndGlobalSection
	GlobalSection(ExtensibilityGlobals) = postSolution
		SolutionGuid = {86753020-0301-4996-B005-2BCB7B88A630}
	EndGlobalSection
EndGlobal
